
Microsoft Visual Studio Solution File, Format Version 12.00
# Visual Studio Version 16
VisualStudioVersion = 16.0.31313.79
MinimumVisualStudioVersion = 10.0.40219.1
Project("{9A19103F-16F7-4668-BE54-9A1E7A4F7556}") = "VirtualClinic", "VirtualClinic\VirtualClinic.csproj", "{663936D2-D1BB-4960-827C-5CA5A067E528}"
EndProject
Global
	GlobalSection(SolutionConfigurationPlatforms) = preSolution
		Debug|Any CPU = Debug|Any CPU
		Release|Any CPU = Release|Any CPU
	EndGlobalSection
	GlobalSection(ProjectConfigurationPlatforms) = postSolution
		{663936D2-D1BB-4960-827C-5CA5A067E528}.Debug|Any CPU.ActiveCfg = Debug|Any CPU
		{663936D2-D1BB-4960-827C-5CA5A067E528}.Debug|Any CPU.Build.0 = Debug|Any CPU
		{663936D2-D1BB-4960-827C-5CA5A067E528}.Release|Any CPU.ActiveCfg = Release|Any CPU
		{663936D2-D1BB-4960-827C-5CA5A067E528}.Release|Any CPU.Build.0 = Release|Any CPU
	EndGlobalSection
	GlobalSection(SolutionProperties) = preSolution
		HideSolutionNode = FALSE
	EndGlobalSection
	GlobalSection(ExtensibilityGlobals) = postSolution
		SolutionGuid = {C87D1A4F-C674-44E7-9A6C-7A1D1F3EFA58}
	EndGlobalSection
EndGlobal
